
Microsoft Visual Studio Solution File, Format Version 12.00
# Visual Studio Version 17
VisualStudioVersion = 17.9.34728.123
MinimumVisualStudioVersion = 10.0.40219.1
Project("{9A19103F-16F7-4668-BE54-9A1E7A4F7556}") = "AzureSampleWebApp", "AzureSampleWebApp\AzureSampleWebApp.csproj", "{A6B69B6A-50ED-479D-BBAF-BA326483A197}"
EndProject
Project("{FAE04EC0-301F-11D3-BF4B-00C04F79EFBC}") = "AzureSampleWebServices", "AzureSampleWebServices\AzureSampleWebServices.csproj", "{82CFAA0A-28A6-4185-800D-31A0F150EAE5}"
EndProject
Project("{FAE04EC0-301F-11D3-BF4B-00C04F79EFBC}") = "AzureSampleDataAccessLayer", "AzureSampleDataAccessLayer\AzureSampleDataAccessLayer.csproj", "{709C6379-400E-4F21-B868-28D36BBD1775}"
EndProject
Project("{FAE04EC0-301F-11D3-BF4B-00C04F79EFBC}") = "AzureSampleFunction", "AzureSampleFunction\AzureSampleFunction.csproj", "{940877DD-E6E5-4CB2-92C4-8DF03FDE1AD9}"
EndProject
Global
	GlobalSection(SolutionConfigurationPlatforms) = preSolution
		Debug|Any CPU = Debug|Any CPU
		Release|Any CPU = Release|Any CPU
	EndGlobalSection
	GlobalSection(ProjectConfigurationPlatforms) = postSolution
		{A6B69B6A-50ED-479D-BBAF-BA326483A197}.Debug|Any CPU.ActiveCfg = Debug|Any CPU
		{A6B69B6A-50ED-479D-BBAF-BA326483A197}.Debug|Any CPU.Build.0 = Debug|Any CPU
		{A6B69B6A-50ED-479D-BBAF-BA326483A197}.Release|Any CPU.ActiveCfg = Release|Any CPU
		{A6B69B6A-50ED-479D-BBAF-BA326483A197}.Release|Any CPU.Build.0 = Release|Any CPU
		{82CFAA0A-28A6-4185-800D-31A0F150EAE5}.Debug|Any CPU.ActiveCfg = Debug|Any CPU
		{82CFAA0A-28A6-4185-800D-31A0F150EAE5}.Debug|Any CPU.Build.0 = Debug|Any CPU
		{82CFAA0A-28A6-4185-800D-31A0F150EAE5}.Release|Any CPU.ActiveCfg = Release|Any CPU
		{82CFAA0A-28A6-4185-800D-31A0F150EAE5}.Release|Any CPU.Build.0 = Release|Any CPU
		{709C6379-400E-4F21-B868-28D36BBD1775}.Debug|Any CPU.ActiveCfg = Debug|Any CPU
		{709C6379-400E-4F21-B868-28D36BBD1775}.Debug|Any CPU.Build.0 = Debug|Any CPU
		{709C6379-400E-4F21-B868-28D36BBD1775}.Release|Any CPU.ActiveCfg = Release|Any CPU
		{709C6379-400E-4F21-B868-28D36BBD1775}.Release|Any CPU.Build.0 = Release|Any CPU
		{940877DD-E6E5-4CB2-92C4-8DF03FDE1AD9}.Debug|Any CPU.ActiveCfg = Debug|Any CPU
		{940877DD-E6E5-4CB2-92C4-8DF03FDE1AD9}.Debug|Any CPU.Build.0 = Debug|Any CPU
		{940877DD-E6E5-4CB2-92C4-8DF03FDE1AD9}.Release|Any CPU.ActiveCfg = Release|Any CPU
		{940877DD-E6E5-4CB2-92C4-8DF03FDE1AD9}.Release|Any CPU.Build.0 = Release|Any CPU
	EndGlobalSection
	GlobalSection(SolutionProperties) = preSolution
		HideSolutionNode = FALSE
	EndGlobalSection
	GlobalSection(ExtensibilityGlobals) = postSolution
		SolutionGuid = {CFDEAD93-AC28-4944-A2BB-F12ED65AA9A3}
	EndGlobalSection
EndGlobal
